
Microsoft Visual Studio Solution File, Format Version 12.00
# Visual Studio Version 17
VisualStudioVersion = 17.6.33712.159
MinimumVisualStudioVersion = 10.0.40219.1
Project("{FAE04EC0-301F-11D3-BF4B-00C04F79EFBC}") = "Backend", "Backend\Backend.csproj", "{4F044FEC-4FEA-4870-B9BD-68C072725DB6}"
EndProject
Global
	GlobalSection(SolutionConfigurationPlatforms) = preSolution
		Debug|Any CPU = Debug|Any CPU
		Release|Any CPU = Release|Any CPU
	EndGlobalSection
	GlobalSection(ProjectConfigurationPlatforms) = postSolution
		{4F044FEC-4FEA-4870-B9BD-68C072725DB6}.Debug|Any CPU.ActiveCfg = Debug|Any CPU
		{4F044FEC-4FEA-4870-B9BD-68C072725DB6}.Debug|Any CPU.Build.0 = Debug|Any CPU
		{4F044FEC-4FEA-4870-B9BD-68C072725DB6}.Release|Any CPU.ActiveCfg = Release|Any CPU
		{4F044FEC-4FEA-4870-B9BD-68C072725DB6}.Release|Any CPU.Build.0 = Release|Any CPU
	EndGlobalSection
	GlobalSection(SolutionProperties) = preSolution
		HideSolutionNode = FALSE
	EndGlobalSection
	GlobalSection(ExtensibilityGlobals) = postSolution
		SolutionGuid = {A41B907E-AB94-45F4-9529-3C68070E7A6F}
	EndGlobalSection
EndGlobal
